
Microsoft Visual Studio Solution File, Format Version 12.00
# Visual Studio Version 16
VisualStudioVersion = 16.0.31911.196
MinimumVisualStudioVersion = 10.0.40219.1
Project("{FAE04EC0-301F-11D3-BF4B-00C04F79EFBC}") = "MasotUnityCameraControl", "MasotUnityCameraControl.csproj", "{531635E8-BF31-49C3-B2B2-70EB502DF60F}"
EndProject
Global
	GlobalSection(SolutionConfigurationPlatforms) = preSolution
		Debug|Any CPU = Debug|Any CPU
		Release|Any CPU = Release|Any CPU
	EndGlobalSection
	GlobalSection(ProjectConfigurationPlatforms) = postSolution
		{531635E8-BF31-49C3-B2B2-70EB502DF60F}.Debug|Any CPU.ActiveCfg = Debug|Any CPU
		{531635E8-BF31-49C3-B2B2-70EB502DF60F}.Debug|Any CPU.Build.0 = Debug|Any CPU
		{531635E8-BF31-49C3-B2B2-70EB502DF60F}.Release|Any CPU.ActiveCfg = Release|Any CPU
		{531635E8-BF31-49C3-B2B2-70EB502DF60F}.Release|Any CPU.Build.0 = Release|Any CPU
	EndGlobalSection
	GlobalSection(SolutionProperties) = preSolution
		HideSolutionNode = FALSE
	EndGlobalSection
	GlobalSection(ExtensibilityGlobals) = postSolution
		SolutionGuid = {D4C015E2-741A-416A-B624-D3E151193FAC}
	EndGlobalSection
EndGlobal
